
Microsoft Visual Studio Solution File, Format Version 12.00
# Visual Studio Version 17
VisualStudioVersion = 17.0.31903.59
MinimumVisualStudioVersion = 10.0.40219.1
Project("{FAE04EC0-301F-11D3-BF4B-00C04F79EFBC}") = "RDPWrangler", "RDPWrangler.csproj", "{44BA11C6-17FF-432D-B861-3460F8BB4F6E}"
EndProject
Project("{FAE04EC0-301F-11D3-BF4B-00C04F79EFBC}") = "RDPWrangler.Tests", "RDPWrangler.Tests\RDPWrangler.Tests.csproj", "{DAF80EDF-2B7E-442B-912B-8A4842DE1D65}"
EndProject
Global
	GlobalSection(SolutionConfigurationPlatforms) = preSolution
		Debug|Any CPU = Debug|Any CPU
		Release|Any CPU = Release|Any CPU
	EndGlobalSection
	GlobalSection(SolutionProperties) = preSolution
		HideSolutionNode = FALSE
	EndGlobalSection
	GlobalSection(ProjectConfigurationPlatforms) = postSolution
		{44BA11C6-17FF-432D-B861-3460F8BB4F6E}.Debug|Any CPU.ActiveCfg = Debug|Any CPU
		{44BA11C6-17FF-432D-B861-3460F8BB4F6E}.Debug|Any CPU.Build.0 = Debug|Any CPU
		{44BA11C6-17FF-432D-B861-3460F8BB4F6E}.Release|Any CPU.ActiveCfg = Release|Any CPU
		{44BA11C6-17FF-432D-B861-3460F8BB4F6E}.Release|Any CPU.Build.0 = Release|Any CPU
		{DAF80EDF-2B7E-442B-912B-8A4842DE1D65}.Debug|Any CPU.ActiveCfg = Debug|Any CPU
		{DAF80EDF-2B7E-442B-912B-8A4842DE1D65}.Debug|Any CPU.Build.0 = Debug|Any CPU
		{DAF80EDF-2B7E-442B-912B-8A4842DE1D65}.Release|Any CPU.ActiveCfg = Release|Any CPU
		{DAF80EDF-2B7E-442B-912B-8A4842DE1D65}.Release|Any CPU.Build.0 = Release|Any CPU
	EndGlobalSection
EndGlobal
